
Microsoft Visual Studio Solution File, Format Version 12.00
# Visual Studio Version 17
VisualStudioVersion = 17.0.32014.148
MinimumVisualStudioVersion = 10.0.40219.1
Project("{FAE04EC0-301F-11D3-BF4B-00C04F79EFBC}") = "Powerplant-coding-challenge", "Powerplant-coding-challenge.csproj", "{7024BE08-1AD7-4C25-8F9C-1D6B5B5C6AD5}"
EndProject
Global
	GlobalSection(SolutionConfigurationPlatforms) = preSolution
		Debug|Any CPU = Debug|Any CPU
		Release|Any CPU = Release|Any CPU
	EndGlobalSection
	GlobalSection(ProjectConfigurationPlatforms) = postSolution
		{7024BE08-1AD7-4C25-8F9C-1D6B5B5C6AD5}.Debug|Any CPU.ActiveCfg = Debug|Any CPU
		{7024BE08-1AD7-4C25-8F9C-1D6B5B5C6AD5}.Debug|Any CPU.Build.0 = Debug|Any CPU
		{7024BE08-1AD7-4C25-8F9C-1D6B5B5C6AD5}.Release|Any CPU.ActiveCfg = Release|Any CPU
		{7024BE08-1AD7-4C25-8F9C-1D6B5B5C6AD5}.Release|Any CPU.Build.0 = Release|Any CPU
	EndGlobalSection
	GlobalSection(SolutionProperties) = preSolution
		HideSolutionNode = FALSE
	EndGlobalSection
	GlobalSection(ExtensibilityGlobals) = postSolution
		SolutionGuid = {316F78F4-79FF-41A2-9E4D-9E1572ECC8BF}
	EndGlobalSection
EndGlobal
